{
  "name": "node",
  "lockfileVersion": 3,
  "requires": true,
  "packages": {
    "": {
      "workspaces": [
        "@fstrace/*"
      ]
    },
    "@fstrace/core": {
      "version": "0.0.1",
      "optionalDependencies": {
        "@fstrace/linux-amd64-glibc": "0.0.1"
      }
    },
    "@fstrace/linux-x64-glibc": {
      "version": "0.0.1",
      "cpu": [
        "x64"
      ],
      "os": [
        "linux"
      ],
      "bin": {
        "fstrace.linux-x64-glibc": "fstrace.linux-x64-glibc"
      },
      "engines": {
        "node": ">=18"
      }
    },
    "node_modules/@fstrace/core": {
      "resolved": "@fstrace/core",
      "link": true
    },
    "node_modules/@fstrace/linux-x64-glibc": {
      "resolved": "@fstrace/linux-x64-glibc",
      "link": true
    }
  }
}
